
Microsoft Visual Studio Solution File, Format Version 12.00
# Visual Studio Version 16
VisualStudioVersion = 16.0.31613.86
MinimumVisualStudioVersion = 10.0.40219.1
Project("{FAE04EC0-301F-11D3-BF4B-00C04F79EFBC}") = "TrackerLibrary", "TrackerLibrary.csproj", "{639778C2-7667-4882-8C0D-0DCA82026CC9}"
EndProject
Project("{FAE04EC0-301F-11D3-BF4B-00C04F79EFBC}") = "TrackerUI", "..\TrackerUI\TrackerUI.csproj", "{5A02DEEF-C32E-455E-8E41-FA8092B7C016}"
EndProject
Global
	GlobalSection(SolutionConfigurationPlatforms) = preSolution
		Debug|Any CPU = Debug|Any CPU
		Release|Any CPU = Release|Any CPU
	EndGlobalSection
	GlobalSection(ProjectConfigurationPlatforms) = postSolution
		{639778C2-7667-4882-8C0D-0DCA82026CC9}.Debug|Any CPU.ActiveCfg = Debug|Any CPU
		{639778C2-7667-4882-8C0D-0DCA82026CC9}.Debug|Any CPU.Build.0 = Debug|Any CPU
		{639778C2-7667-4882-8C0D-0DCA82026CC9}.Release|Any CPU.ActiveCfg = Release|Any CPU
		{639778C2-7667-4882-8C0D-0DCA82026CC9}.Release|Any CPU.Build.0 = Release|Any CPU
		{5A02DEEF-C32E-455E-8E41-FA8092B7C016}.Debug|Any CPU.ActiveCfg = Debug|Any CPU
		{5A02DEEF-C32E-455E-8E41-FA8092B7C016}.Debug|Any CPU.Build.0 = Debug|Any CPU
		{5A02DEEF-C32E-455E-8E41-FA8092B7C016}.Release|Any CPU.ActiveCfg = Release|Any CPU
		{5A02DEEF-C32E-455E-8E41-FA8092B7C016}.Release|Any CPU.Build.0 = Release|Any CPU
	EndGlobalSection
	GlobalSection(SolutionProperties) = preSolution
		HideSolutionNode = FALSE
	EndGlobalSection
	GlobalSection(ExtensibilityGlobals) = postSolution
		SolutionGuid = {7F268AAB-2CAC-4F56-9AC0-20B9D28E33AB}
	EndGlobalSection
EndGlobal
